
Microsoft Visual Studio Solution File, Format Version 12.00
# Visual Studio Version 16
VisualStudioVersion = 16.0.30330.147
MinimumVisualStudioVersion = 10.0.40219.1
Project("{FAE04EC0-301F-11D3-BF4B-00C04F79EFBC}") = "Holamundo0", "Holamundo0\Holamundo0.csproj", "{6254AF70-F908-40D4-B17D-69633DE5E1B8}"
EndProject
Global
	GlobalSection(SolutionConfigurationPlatforms) = preSolution
		Debug|Any CPU = Debug|Any CPU
		Release|Any CPU = Release|Any CPU
	EndGlobalSection
	GlobalSection(ProjectConfigurationPlatforms) = postSolution
		{6254AF70-F908-40D4-B17D-69633DE5E1B8}.Debug|Any CPU.ActiveCfg = Debug|Any CPU
		{6254AF70-F908-40D4-B17D-69633DE5E1B8}.Debug|Any CPU.Build.0 = Debug|Any CPU
		{6254AF70-F908-40D4-B17D-69633DE5E1B8}.Release|Any CPU.ActiveCfg = Release|Any CPU
		{6254AF70-F908-40D4-B17D-69633DE5E1B8}.Release|Any CPU.Build.0 = Release|Any CPU
	EndGlobalSection
	GlobalSection(SolutionProperties) = preSolution
		HideSolutionNode = FALSE
	EndGlobalSection
	GlobalSection(ExtensibilityGlobals) = postSolution
		SolutionGuid = {57ACC0C5-0D30-4444-A2D1-DB547348195F}
	EndGlobalSection
EndGlobal
